#MicroXplorer Configuration settings - do not modify
ADC.ClockPrescaler=ADC_CLOCK_ASYNC_DIV1
ADC.ContinuousConvMode=DISABLE
ADC.DMAContinuousRequests=DISABLE
ADC.DataAlign=ADC_DATAALIGN_RIGHT
ADC.DiscontinuousConvMode=DISABLE
ADC.EOCSelection=ADC_EOC_SINGLE_CONV
ADC.EnableAnalogWatchDog=false
ADC.ExternalTrigConv=ADC_SOFTWARE_START
ADC.ExternalTrigConvEdge=ADC_EXTERNALTRIGCONVEDGE_NONE
ADC.IPParameters=Resolution,SamplingTime,ClockPrescaler,DataAlign,ScanConvMode,ContinuousConvMode,DiscontinuousConvMode,DMAContinuousRequests,EOCSelection,Overrun,LowPowerAutoWait,LowPowerAutoPowerOff,ExternalTrigConv,ExternalTrigConvEdge,EnableAnalogWatchDog
ADC.LowPowerAutoPowerOff=DISABLE
ADC.LowPowerAutoWait=DISABLE
ADC.Overrun=ADC_OVR_DATA_PRESERVED
ADC.Resolution=ADC_RESOLUTION_10B
ADC.SamplingTime=ADC_SAMPLETIME_55CYCLES_5
ADC.ScanConvMode=ADC_SCAN_DIRECTION_FORWARD
File.Version=6
I2C1.Analog_Filter=I2C_ANALOGFILTER_ENABLE
I2C1.I2C_Speed_Mode=I2C_Standard
I2C1.IPParameters=Analog_Filter,Timing,I2C_Speed_Mode
I2C1.Timing=0x20303E5D
KeepUserPlacement=false
Mcu.Family=STM32F0
Mcu.IP0=ADC
Mcu.IP1=I2C1
Mcu.IP10=USART1
Mcu.IP2=NVIC
Mcu.IP3=RCC
Mcu.IP4=RTC
Mcu.IP5=SPI1
Mcu.IP6=SYS
Mcu.IP7=TIM6
Mcu.IP8=TIM16
Mcu.IP9=TIM17
Mcu.IPNb=11
Mcu.Name=STM32F051C8Tx
Mcu.Package=LQFP48
Mcu.Pin0=PC13
Mcu.Pin1=PC14-OSC32_IN
Mcu.Pin10=PB0
Mcu.Pin11=PB1
Mcu.Pin12=PB2
Mcu.Pin13=PB10
Mcu.Pin14=PB11
Mcu.Pin15=PB12
Mcu.Pin16=PB13
Mcu.Pin17=PB14
Mcu.Pin18=PB15
Mcu.Pin19=PA9
Mcu.Pin2=PF0-OSC_IN
Mcu.Pin20=PA10
Mcu.Pin21=PA12
Mcu.Pin22=PA13
Mcu.Pin23=PF6
Mcu.Pin24=PA14
Mcu.Pin25=PB6
Mcu.Pin26=PB7
Mcu.Pin27=PB8
Mcu.Pin28=PB9
Mcu.Pin29=VP_ADC_TempSens_Input
Mcu.Pin3=PF1-OSC_OUT
Mcu.Pin30=VP_ADC_Vref_Input
Mcu.Pin31=VP_RTC_VS_RTC_Activate
Mcu.Pin32=VP_SYS_VS_Systick
Mcu.Pin33=VP_TIM6_VS_ClockSourceINT
Mcu.Pin34=VP_TIM6_VS_OPM
Mcu.Pin35=VP_TIM16_VS_ClockSourceINT
Mcu.Pin36=VP_TIM17_VS_ClockSourceINT
Mcu.Pin4=PA0
Mcu.Pin5=PA1
Mcu.Pin6=PA2
Mcu.Pin7=PA5
Mcu.Pin8=PA6
Mcu.Pin9=PA7
Mcu.PinsNb=37
Mcu.ThirdPartyNb=0
Mcu.UserConstants=
Mcu.UserName=STM32F051C8Tx
MxCube.Version=4.27.0
MxDb.Version=DB.4.0.270
NVIC.HardFault_IRQn=true\:0\:0\:false\:false\:true\:true
NVIC.NonMaskableInt_IRQn=true\:0\:0\:false\:false\:true\:true
NVIC.PendSV_IRQn=true\:0\:0\:false\:false\:true\:true
NVIC.SVC_IRQn=true\:0\:0\:false\:false\:true\:true
NVIC.SysTick_IRQn=true\:0\:0\:false\:false\:true\:true
NVIC.TIM6_DAC_IRQn=true\:0\:0\:false\:false\:true\:true
NVIC.USART1_IRQn=true\:0\:0\:false\:false\:true\:true
PA0.Locked=true
PA0.Mode=IN0
PA0.Signal=ADC_IN0
PA1.Locked=true
PA1.Mode=IN1
PA1.Signal=ADC_IN1
PA10.Locked=true
PA10.Mode=Asynchronous
PA10.Signal=USART1_RX
PA12.Mode=Hardware Flow Control (RS485)
PA12.Signal=USART1_DE
PA13.Locked=true
PA13.Mode=Serial_Wire
PA13.Signal=SYS_SWDIO
PA14.Locked=true
PA14.Mode=Serial_Wire
PA14.Signal=SYS_SWCLK
PA2.Locked=true
PA2.Signal=GPXTI2
PA5.Locked=true
PA5.Mode=Full_Duplex_Master
PA5.Signal=SPI1_SCK
PA6.Locked=true
PA6.Mode=Full_Duplex_Master
PA6.Signal=SPI1_MISO
PA7.Locked=true
PA7.Mode=Full_Duplex_Master
PA7.Signal=SPI1_MOSI
PA9.Locked=true
PA9.Mode=Asynchronous
PA9.Signal=USART1_TX
PB0.Locked=true
PB0.Signal=GPIO_Input
PB1.Locked=true
PB1.Signal=GPIO_Input
PB10.GPIOParameters=PinState
PB10.Locked=true
PB10.PinState=GPIO_PIN_SET
PB10.Signal=GPIO_Output
PB11.GPIOParameters=PinState
PB11.Locked=true
PB11.PinState=GPIO_PIN_SET
PB11.Signal=GPIO_Output
PB12.GPIOParameters=PinState
PB12.Locked=true
PB12.PinState=GPIO_PIN_SET
PB12.Signal=GPIO_Output
PB13.GPIOParameters=PinState
PB13.Locked=true
PB13.PinState=GPIO_PIN_SET
PB13.Signal=GPIO_Output
PB14.GPIOParameters=PinState
PB14.Locked=true
PB14.PinState=GPIO_PIN_SET
PB14.Signal=GPIO_Output
PB15.GPIOParameters=PinState
PB15.Locked=true
PB15.PinState=GPIO_PIN_SET
PB15.Signal=GPIO_Output
PB2.Locked=true
PB2.Signal=GPIO_Input
PB6.Mode=I2C
PB6.Signal=I2C1_SCL
PB7.Mode=I2C
PB7.Signal=I2C1_SDA
PB8.Signal=S_TIM16_CH1
PB9.Signal=S_TIM17_CH1
PC13.Locked=true
PC13.Signal=GPIO_Output
PC14-OSC32_IN.Locked=true
PC14-OSC32_IN.Signal=GPIO_Input
PCC.Checker=false
PCC.Line=STM32F0x1
PCC.MCU=STM32F051C8Tx
PCC.PartNumber=STM32F051C8Tx
PCC.Seq0=0
PCC.Series=STM32F0
PCC.Temperature=25
PCC.Vdd=3.3
PF0-OSC_IN.Locked=true
PF0-OSC_IN.Mode=HSE-External-Oscillator
PF0-OSC_IN.Signal=RCC_OSC_IN
PF1-OSC_OUT.Locked=true
PF1-OSC_OUT.Mode=HSE-External-Oscillator
PF1-OSC_OUT.Signal=RCC_OSC_OUT
PF6.GPIOParameters=PinState
PF6.Locked=true
PF6.PinState=GPIO_PIN_SET
PF6.Signal=GPIO_Output
PinOutPanel.RotationAngle=0
ProjectManager.AskForMigrate=true
ProjectManager.BackupPrevious=false
ProjectManager.CompilerOptimize=6
ProjectManager.ComputerToolchain=false
ProjectManager.CoupleFile=false
ProjectManager.CustomerFirmwarePackage=
ProjectManager.DefaultFWLocation=true
ProjectManager.DeletePrevious=true
ProjectManager.DeviceId=STM32F051C8Tx
ProjectManager.FirmwarePackage=STM32Cube FW_F0 V1.9.0
ProjectManager.FreePins=false
ProjectManager.HalAssertFull=false
ProjectManager.HeapSize=0x200
ProjectManager.KeepUserCode=true
ProjectManager.LastFirmware=true
ProjectManager.LibraryCopy=2
ProjectManager.MainLocation=Core/Src
ProjectManager.NoMain=false
ProjectManager.PreviousToolchain=
ProjectManager.ProjectBuild=false
ProjectManager.ProjectFileName=low_layer.ioc
ProjectManager.ProjectName=low_layer
ProjectManager.StackSize=0x400
ProjectManager.TargetToolchain=Other Toolchains (GPDSC)
ProjectManager.ToolChainLocation=
ProjectManager.UnderRoot=false
ProjectManager.functionlistsort=1-MX_GPIO_Init-GPIO-false-LL-true,2-SystemClock_Config-RCC-false-LL-false,3-MX_USART1_UART_Init-USART1-false-LL-true,4-MX_TIM6_Init-TIM6-false-LL-true,5-MX_SPI1_Init-SPI1-false-LL-true,6-MX_RTC_Init-RTC-false-LL-true,7-MX_ADC_Init-ADC-false-LL-true,8-MX_TIM17_Init-TIM17-false-LL-true,9-MX_TIM16_Init-TIM16-false-LL-true,10-MX_I2C1_Init-I2C1-false-LL-true
RCC.AHBFreq_Value=48000000
RCC.APB1Freq_Value=48000000
RCC.APB1TimFreq_Value=48000000
RCC.CECFreq_Value=32786.88524590164
RCC.FCLKCortexFreq_Value=48000000
RCC.FLatency=FLASH_LATENCY_1
RCC.FamilyName=M
RCC.HCLKFreq_Value=48000000
RCC.HSICECFreq_Value=32786.88524590164
RCC.I2C1Freq_Value=48000000
RCC.I2SFreq_Value=48000000
RCC.I2c1ClockSelection=RCC_I2C1CLKSOURCE_SYSCLK
RCC.IPParameters=AHBFreq_Value,APB1Freq_Value,APB1TimFreq_Value,CECFreq_Value,FCLKCortexFreq_Value,FLatency,FamilyName,HCLKFreq_Value,HSICECFreq_Value,I2C1Freq_Value,I2SFreq_Value,I2c1ClockSelection,MCOFreq_Value,PLLCLKFreq_Value,PLLMCOFreq_Value,PLLMUL,PLLSourceVirtual,SYSCLKFreq_VALUE,SYSCLKSource,TimSysFreq_Value,USART1Freq_Value,VCOOutput2Freq_Value
RCC.MCOFreq_Value=48000000
RCC.PLLCLKFreq_Value=48000000
RCC.PLLMCOFreq_Value=24000000
RCC.PLLMUL=RCC_PLL_MUL6
RCC.PLLSourceVirtual=RCC_PLLSOURCE_HSE
RCC.SYSCLKFreq_VALUE=48000000
RCC.SYSCLKSource=RCC_SYSCLKSOURCE_PLLCLK
RCC.TimSysFreq_Value=48000000
RCC.USART1Freq_Value=48000000
RCC.VCOOutput2Freq_Value=8000000
SH.GPXTI2.0=GPIO_EXTI2
SH.GPXTI2.ConfNb=1
SH.S_TIM16_CH1.0=TIM16_CH1,PWM Generation1 CH1
SH.S_TIM16_CH1.ConfNb=1
SH.S_TIM17_CH1.0=TIM17_CH1,PWM Generation1 CH1
SH.S_TIM17_CH1.ConfNb=1
SPI1.BaudRatePrescaler=SPI_BAUDRATEPRESCALER_128
SPI1.CalculateBaudRate=375.0 KBits/s
SPI1.DataSize=SPI_DATASIZE_8BIT
SPI1.Direction=SPI_DIRECTION_2LINES
SPI1.IPParameters=VirtualType,Mode,Direction,BaudRatePrescaler,CalculateBaudRate,DataSize,NSSPMode
SPI1.Mode=SPI_MODE_MASTER
SPI1.NSSPMode=SPI_NSS_PULSE_DISABLE
SPI1.VirtualType=VM_MASTER
TIM16.Channel=TIM_CHANNEL_1
TIM16.IPParameters=Channel,Prescaler,Period,Pulse
TIM16.Period=100
TIM16.Prescaler=480
TIM16.Pulse=50
TIM17.Channel=TIM_CHANNEL_1
TIM17.IPParameters=Channel,Period,Pulse
TIM17.Period=100
TIM17.Pulse=50
USART1.BaudRate=19200
USART1.IPParameters=VirtualMode-Asynchronous,BaudRate,VirtualMode-Hardware Flow Control (RS485)
USART1.VirtualMode-Asynchronous=VM_ASYNC
USART1.VirtualMode-Hardware\ Flow\ Control\ (RS485)=VM_ASYNC
VP_ADC_TempSens_Input.Mode=IN-TempSens
VP_ADC_TempSens_Input.Signal=ADC_TempSens_Input
VP_ADC_Vref_Input.Mode=IN-Vrefint
VP_ADC_Vref_Input.Signal=ADC_Vref_Input
VP_RTC_VS_RTC_Activate.Mode=RTC_Enabled
VP_RTC_VS_RTC_Activate.Signal=RTC_VS_RTC_Activate
VP_SYS_VS_Systick.Mode=SysTick
VP_SYS_VS_Systick.Signal=SYS_VS_Systick
VP_TIM16_VS_ClockSourceINT.Mode=Enable_Timer
VP_TIM16_VS_ClockSourceINT.Signal=TIM16_VS_ClockSourceINT
VP_TIM17_VS_ClockSourceINT.Mode=Enable_Timer
VP_TIM17_VS_ClockSourceINT.Signal=TIM17_VS_ClockSourceINT
VP_TIM6_VS_ClockSourceINT.Mode=Enable_Timer
VP_TIM6_VS_ClockSourceINT.Signal=TIM6_VS_ClockSourceINT
VP_TIM6_VS_OPM.Mode=OPM_bit
VP_TIM6_VS_OPM.Signal=TIM6_VS_OPM
board=custom
